
Microsoft Visual Studio Solution File, Format Version 12.00
# Visual Studio Version 17
VisualStudioVersion = 17.14.36301.6 d17.14
MinimumVisualStudioVersion = 10.0.40219.1
Project("{FAE04EC0-301F-11D3-BF4B-00C04F79EFBC}") = "FunctionAppIsolatedDI", "FunctionAppIsolatedDI.csproj", "{9CE6CC08-0BA4-4AB5-8062-A07F06C36719}"
EndProject
Global
	GlobalSection(SolutionConfigurationPlatforms) = preSolution
		Debug|Any CPU = Debug|Any CPU
		Release|Any CPU = Release|Any CPU
	EndGlobalSection
	GlobalSection(ProjectConfigurationPlatforms) = postSolution
		{9CE6CC08-0BA4-4AB5-8062-A07F06C36719}.Debug|Any CPU.ActiveCfg = Debug|Any CPU
		{9CE6CC08-0BA4-4AB5-8062-A07F06C36719}.Debug|Any CPU.Build.0 = Debug|Any CPU
		{9CE6CC08-0BA4-4AB5-8062-A07F06C36719}.Release|Any CPU.ActiveCfg = Release|Any CPU
		{9CE6CC08-0BA4-4AB5-8062-A07F06C36719}.Release|Any CPU.Build.0 = Release|Any CPU
	EndGlobalSection
	GlobalSection(SolutionProperties) = preSolution
		HideSolutionNode = FALSE
	EndGlobalSection
	GlobalSection(ExtensibilityGlobals) = postSolution
		SolutionGuid = {5BE74181-69BB-4763-B08B-D59BF1D84515}
	EndGlobalSection
EndGlobal
